
Microsoft Visual Studio Solution File, Format Version 12.00
# Visual Studio Version 17
VisualStudioVersion = 17.6.33815.320
MinimumVisualStudioVersion = 10.0.40219.1
Project("{FAE04EC0-301F-11D3-BF4B-00C04F79EFBC}") = "MyFuture", "MyFuture\MyFuture.csproj", "{10B853E4-AD46-4305-8A5A-C0F98D213768}"
EndProject
Global
	GlobalSection(SolutionConfigurationPlatforms) = preSolution
		Debug|Any CPU = Debug|Any CPU
		Release|Any CPU = Release|Any CPU
	EndGlobalSection
	GlobalSection(ProjectConfigurationPlatforms) = postSolution
		{10B853E4-AD46-4305-8A5A-C0F98D213768}.Debug|Any CPU.ActiveCfg = Debug|Any CPU
		{10B853E4-AD46-4305-8A5A-C0F98D213768}.Debug|Any CPU.Build.0 = Debug|Any CPU
		{10B853E4-AD46-4305-8A5A-C0F98D213768}.Release|Any CPU.ActiveCfg = Release|Any CPU
		{10B853E4-AD46-4305-8A5A-C0F98D213768}.Release|Any CPU.Build.0 = Release|Any CPU
	EndGlobalSection
	GlobalSection(SolutionProperties) = preSolution
		HideSolutionNode = FALSE
	EndGlobalSection
	GlobalSection(ExtensibilityGlobals) = postSolution
		SolutionGuid = {5AF3F152-0029-4DFC-9AD7-F8BCA2C5365D}
	EndGlobalSection
EndGlobal
