
Microsoft Visual Studio Solution File, Format Version 12.00
# Visual Studio Version 17
VisualStudioVersion = 17.6.33815.320
MinimumVisualStudioVersion = 10.0.40219.1
Project("{9A19103F-16F7-4668-BE54-9A1E7A4F7556}") = "Services", "Services\Services.csproj", "{AE42BF76-1709-4DBE-A95D-A47616586B91}"
EndProject
Project("{9A19103F-16F7-4668-BE54-9A1E7A4F7556}") = "Repositories", "Repository\Repositories.csproj", "{FCD07DCC-ACA4-460A-BC6B-9DB6F822897B}"
EndProject
Project("{9A19103F-16F7-4668-BE54-9A1E7A4F7556}") = "Models", "Models\Models.csproj", "{97550858-5C25-423F-B435-8D4D66D6A6B6}"
EndProject
Project("{FAE04EC0-301F-11D3-BF4B-00C04F79EFBC}") = "Caches", "Caches\Caches.csproj", "{51E17CC1-91EF-4B3B-A242-4DFEE571B375}"
EndProject
Project("{FAE04EC0-301F-11D3-BF4B-00C04F79EFBC}") = "MongoDbProvider", "MongoDbProvider\MongoDbProvider.csproj", "{3E63FF7A-1D09-42DE-B1E3-3958F786DB07}"
EndProject
Project("{FAE04EC0-301F-11D3-BF4B-00C04F79EFBC}") = "MyFuture", "MyFuture\MyFuture.csproj", "{07F50BF3-72A4-464D-ADD9-9C101E6141C0}"
EndProject
Global
	GlobalSection(SolutionConfigurationPlatforms) = preSolution
		Debug|Any CPU = Debug|Any CPU
		Release|Any CPU = Release|Any CPU
	EndGlobalSection
	GlobalSection(ProjectConfigurationPlatforms) = postSolution
		{AE42BF76-1709-4DBE-A95D-A47616586B91}.Debug|Any CPU.ActiveCfg = Debug|Any CPU
		{AE42BF76-1709-4DBE-A95D-A47616586B91}.Debug|Any CPU.Build.0 = Debug|Any CPU
		{AE42BF76-1709-4DBE-A95D-A47616586B91}.Release|Any CPU.ActiveCfg = Release|Any CPU
		{AE42BF76-1709-4DBE-A95D-A47616586B91}.Release|Any CPU.Build.0 = Release|Any CPU
		{FCD07DCC-ACA4-460A-BC6B-9DB6F822897B}.Debug|Any CPU.ActiveCfg = Debug|Any CPU
		{FCD07DCC-ACA4-460A-BC6B-9DB6F822897B}.Debug|Any CPU.Build.0 = Debug|Any CPU
		{FCD07DCC-ACA4-460A-BC6B-9DB6F822897B}.Release|Any CPU.ActiveCfg = Release|Any CPU
		{FCD07DCC-ACA4-460A-BC6B-9DB6F822897B}.Release|Any CPU.Build.0 = Release|Any CPU
		{97550858-5C25-423F-B435-8D4D66D6A6B6}.Debug|Any CPU.ActiveCfg = Debug|Any CPU
		{97550858-5C25-423F-B435-8D4D66D6A6B6}.Debug|Any CPU.Build.0 = Debug|Any CPU
		{97550858-5C25-423F-B435-8D4D66D6A6B6}.Release|Any CPU.ActiveCfg = Release|Any CPU
		{97550858-5C25-423F-B435-8D4D66D6A6B6}.Release|Any CPU.Build.0 = Release|Any CPU
		{51E17CC1-91EF-4B3B-A242-4DFEE571B375}.Debug|Any CPU.ActiveCfg = Debug|Any CPU
		{51E17CC1-91EF-4B3B-A242-4DFEE571B375}.Debug|Any CPU.Build.0 = Debug|Any CPU
		{51E17CC1-91EF-4B3B-A242-4DFEE571B375}.Release|Any CPU.ActiveCfg = Release|Any CPU
		{51E17CC1-91EF-4B3B-A242-4DFEE571B375}.Release|Any CPU.Build.0 = Release|Any CPU
		{EA35297C-A1EB-45C9-9165-D7F66444FA71}.Debug|Any CPU.ActiveCfg = Debug|Any CPU
		{EA35297C-A1EB-45C9-9165-D7F66444FA71}.Debug|Any CPU.Build.0 = Debug|Any CPU
		{EA35297C-A1EB-45C9-9165-D7F66444FA71}.Release|Any CPU.ActiveCfg = Release|Any CPU
		{EA35297C-A1EB-45C9-9165-D7F66444FA71}.Release|Any CPU.Build.0 = Release|Any CPU
		{3E63FF7A-1D09-42DE-B1E3-3958F786DB07}.Debug|Any CPU.ActiveCfg = Debug|Any CPU
		{3E63FF7A-1D09-42DE-B1E3-3958F786DB07}.Debug|Any CPU.Build.0 = Debug|Any CPU
		{3E63FF7A-1D09-42DE-B1E3-3958F786DB07}.Release|Any CPU.ActiveCfg = Release|Any CPU
		{3E63FF7A-1D09-42DE-B1E3-3958F786DB07}.Release|Any CPU.Build.0 = Release|Any CPU
		{07F50BF3-72A4-464D-ADD9-9C101E6141C0}.Debug|Any CPU.ActiveCfg = Debug|Any CPU
		{07F50BF3-72A4-464D-ADD9-9C101E6141C0}.Debug|Any CPU.Build.0 = Debug|Any CPU
		{07F50BF3-72A4-464D-ADD9-9C101E6141C0}.Release|Any CPU.ActiveCfg = Release|Any CPU
		{07F50BF3-72A4-464D-ADD9-9C101E6141C0}.Release|Any CPU.Build.0 = Release|Any CPU
	EndGlobalSection
	GlobalSection(SolutionProperties) = preSolution
		HideSolutionNode = FALSE
	EndGlobalSection
	GlobalSection(ExtensibilityGlobals) = postSolution
		SolutionGuid = {5AF3F152-0029-4DFC-9AD7-F8BCA2C5365D}
	EndGlobalSection
EndGlobal
